// !$*UTF8*$!
{
	archiveVersion = 1;
	classes = {
	};
	objectVersion = 56;
	objects = {

/* Begin PBXBuildFile section */
		DF1C23B32BF7B64A004BF66A /* Date+Extension.swift in Sources */ = {isa = PBXBuildFile; fileRef = DF1C23B22BF7B64A004BF66A /* Date+Extension.swift */; };
		DF1C23BC2BF8A325004BF66A /* RoundListView.swift in Sources */ = {isa = PBXBuildFile; fileRef = DF1C23BB2BF8A325004BF66A /* RoundListView.swift */; };
		DF1C23C02BF8A5A5004BF66A /* NetworkingClient.swift in Sources */ = {isa = PBXBuildFile; fileRef = DF1C23BF2BF8A5A5004BF66A /* NetworkingClient.swift */; };
		DF1C23D02BF8BC6B004BF66A /* KinoOdds.swift in Sources */ = {isa = PBXBuildFile; fileRef = DF1C23CF2BF8BC6B004BF66A /* KinoOdds.swift */; };
		DF1C23D22BF8C89D004BF66A /* Double+Extension.swift in Sources */ = {isa = PBXBuildFile; fileRef = DF1C23D12BF8C89D004BF66A /* Double+Extension.swift */; };
		DF1C23D52BF8CC16004BF66A /* LiveResultsWebView.swift in Sources */ = {isa = PBXBuildFile; fileRef = DF1C23D42BF8CC16004BF66A /* LiveResultsWebView.swift */; };
		DF1C23D72BF8CC40004BF66A /* WebViewRepresentable.swift in Sources */ = {isa = PBXBuildFile; fileRef = DF1C23D62BF8CC40004BF66A /* WebViewRepresentable.swift */; };
		DF1C23DA2BF8E8E2004BF66A /* TabBarView.swift in Sources */ = {isa = PBXBuildFile; fileRef = DF1C23D92BF8E8E2004BF66A /* TabBarView.swift */; };
		DF1C23DD2BF8E91F004BF66A /* ResultsView.swift in Sources */ = {isa = PBXBuildFile; fileRef = DF1C23DC2BF8E91F004BF66A /* ResultsView.swift */; };
		DF1C23E02BF92210004BF66A /* Color+Extension.swift in Sources */ = {isa = PBXBuildFile; fileRef = DF1C23DF2BF92210004BF66A /* Color+Extension.swift */; };
		DF1C23E22BF9230A004BF66A /* GreeceKinoDTO.swift in Sources */ = {isa = PBXBuildFile; fileRef = DF1C23E12BF9230A004BF66A /* GreeceKinoDTO.swift */; };
		DF1C23F82BF9292C004BF66A /* GreeceKinoContent.swift in Sources */ = {isa = PBXBuildFile; fileRef = DF1C23F72BF9292C004BF66A /* GreeceKinoContent.swift */; };
		DF3DCF1D2BF68D7E00A87D4C /* GamblingAppApp.swift in Sources */ = {isa = PBXBuildFile; fileRef = DF3DCF1C2BF68D7E00A87D4C /* GamblingAppApp.swift */; };
		DF3DCF1F2BF68D7E00A87D4C /* GreekKinoView.swift in Sources */ = {isa = PBXBuildFile; fileRef = DF3DCF1E2BF68D7E00A87D4C /* GreekKinoView.swift */; };
		DF3DCF212BF68D7F00A87D4C /* Assets.xcassets in Resources */ = {isa = PBXBuildFile; fileRef = DF3DCF202BF68D7F00A87D4C /* Assets.xcassets */; };
		DF3DCF242BF68D7F00A87D4C /* Preview Assets.xcassets in Resources */ = {isa = PBXBuildFile; fileRef = DF3DCF232BF68D7F00A87D4C /* Preview Assets.xcassets */; };
		DFFCEA552BF938F9004B8A4F /* WinningNumbers.swift in Sources */ = {isa = PBXBuildFile; fileRef = DFFCEA542BF938F9004B8A4F /* WinningNumbers.swift */; };
		DFFCEA572BF93916004B8A4F /* UpcomingGameDTO.swift in Sources */ = {isa = PBXBuildFile; fileRef = DFFCEA562BF93916004B8A4F /* UpcomingGameDTO.swift */; };
/* End PBXBuildFile section */

/* Begin PBXFileReference section */
		DF1C23B22BF7B64A004BF66A /* Date+Extension.swift */ = {isa = PBXFileReference; lastKnownFileType = sourcecode.swift; path = "Date+Extension.swift"; sourceTree = "<group>"; };
		DF1C23BB2BF8A325004BF66A /* RoundListView.swift */ = {isa = PBXFileReference; lastKnownFileType = sourcecode.swift; path = RoundListView.swift; sourceTree = "<group>"; };
		DF1C23BF2BF8A5A5004BF66A /* NetworkingClient.swift */ = {isa = PBXFileReference; lastKnownFileType = sourcecode.swift; path = NetworkingClient.swift; sourceTree = "<group>"; };
		DF1C23CF2BF8BC6B004BF66A /* KinoOdds.swift */ = {isa = PBXFileReference; lastKnownFileType = sourcecode.swift; path = KinoOdds.swift; sourceTree = "<group>"; };
		DF1C23D12BF8C89D004BF66A /* Double+Extension.swift */ = {isa = PBXFileReference; lastKnownFileType = sourcecode.swift; path = "Double+Extension.swift"; sourceTree = "<group>"; };
		DF1C23D42BF8CC16004BF66A /* LiveResultsWebView.swift */ = {isa = PBXFileReference; lastKnownFileType = sourcecode.swift; path = LiveResultsWebView.swift; sourceTree = "<group>"; };
		DF1C23D62BF8CC40004BF66A /* WebViewRepresentable.swift */ = {isa = PBXFileReference; lastKnownFileType = sourcecode.swift; path = WebViewRepresentable.swift; sourceTree = "<group>"; };
		DF1C23D92BF8E8E2004BF66A /* TabBarView.swift */ = {isa = PBXFileReference; lastKnownFileType = sourcecode.swift; path = TabBarView.swift; sourceTree = "<group>"; };
		DF1C23DC2BF8E91F004BF66A /* ResultsView.swift */ = {isa = PBXFileReference; lastKnownFileType = sourcecode.swift; path = ResultsView.swift; sourceTree = "<group>"; };
		DF1C23DF2BF92210004BF66A /* Color+Extension.swift */ = {isa = PBXFileReference; lastKnownFileType = sourcecode.swift; path = "Color+Extension.swift"; sourceTree = "<group>"; };
		DF1C23E12BF9230A004BF66A /* GreeceKinoDTO.swift */ = {isa = PBXFileReference; lastKnownFileType = sourcecode.swift; path = GreeceKinoDTO.swift; sourceTree = "<group>"; };
		DF1C23F72BF9292C004BF66A /* GreeceKinoContent.swift */ = {isa = PBXFileReference; lastKnownFileType = sourcecode.swift; path = GreeceKinoContent.swift; sourceTree = "<group>"; };
		DF3DCF192BF68D7E00A87D4C /* GamblingApp.app */ = {isa = PBXFileReference; explicitFileType = wrapper.application; includeInIndex = 0; path = GamblingApp.app; sourceTree = BUILT_PRODUCTS_DIR; };
		DF3DCF1C2BF68D7E00A87D4C /* GamblingAppApp.swift */ = {isa = PBXFileReference; lastKnownFileType = sourcecode.swift; path = GamblingAppApp.swift; sourceTree = "<group>"; };
		DF3DCF1E2BF68D7E00A87D4C /* GreekKinoView.swift */ = {isa = PBXFileReference; lastKnownFileType = sourcecode.swift; path = GreekKinoView.swift; sourceTree = "<group>"; };
		DF3DCF202BF68D7F00A87D4C /* Assets.xcassets */ = {isa = PBXFileReference; lastKnownFileType = folder.assetcatalog; path = Assets.xcassets; sourceTree = "<group>"; };
		DF3DCF232BF68D7F00A87D4C /* Preview Assets.xcassets */ = {isa = PBXFileReference; lastKnownFileType = folder.assetcatalog; path = "Preview Assets.xcassets"; sourceTree = "<group>"; };
		DFFCEA542BF938F9004B8A4F /* WinningNumbers.swift */ = {isa = PBXFileReference; lastKnownFileType = sourcecode.swift; path = WinningNumbers.swift; sourceTree = "<group>"; };
		DFFCEA562BF93916004B8A4F /* UpcomingGameDTO.swift */ = {isa = PBXFileReference; lastKnownFileType = sourcecode.swift; path = UpcomingGameDTO.swift; sourceTree = "<group>"; };
/* End PBXFileReference section */

/* Begin PBXFrameworksBuildPhase section */
		DF3DCF162BF68D7E00A87D4C /* Frameworks */ = {
			isa = PBXFrameworksBuildPhase;
			buildActionMask = 2147483647;
			files = (
			);
			runOnlyForDeploymentPostprocessing = 0;
		};
/* End PBXFrameworksBuildPhase section */

/* Begin PBXGroup section */
		DF1C23B12BF7B636004BF66A /* Helpers */ = {
			isa = PBXGroup;
			children = (
				DF1C23B22BF7B64A004BF66A /* Date+Extension.swift */,
				DF1C23D12BF8C89D004BF66A /* Double+Extension.swift */,
				DF1C23DF2BF92210004BF66A /* Color+Extension.swift */,
			);
			path = Helpers;
			sourceTree = "<group>";
		};
		DF1C23BA2BF8A314004BF66A /* Round List View */ = {
			isa = PBXGroup;
			children = (
				DF1C23BB2BF8A325004BF66A /* RoundListView.swift */,
			);
			path = "Round List View";
			sourceTree = "<group>";
		};
		DF1C23BD2BF8A56B004BF66A /* Business Layer */ = {
			isa = PBXGroup;
			children = (
				DF1C23BF2BF8A5A5004BF66A /* NetworkingClient.swift */,
			);
			path = "Business Layer";
			sourceTree = "<group>";
		};
		DF1C23C12BF8A5D0004BF66A /* Model */ = {
			isa = PBXGroup;
			children = (
				DF1C23CF2BF8BC6B004BF66A /* KinoOdds.swift */,
				DF1C23E12BF9230A004BF66A /* GreeceKinoDTO.swift */,
				DF1C23F72BF9292C004BF66A /* GreeceKinoContent.swift */,
				DFFCEA542BF938F9004B8A4F /* WinningNumbers.swift */,
				DFFCEA562BF93916004B8A4F /* UpcomingGameDTO.swift */,
			);
			path = Model;
			sourceTree = "<group>";
		};
		DF1C23D32BF8CBD3004BF66A /* Live Result WebView */ = {
			isa = PBXGroup;
			children = (
				DF1C23D42BF8CC16004BF66A /* LiveResultsWebView.swift */,
				DF1C23D62BF8CC40004BF66A /* WebViewRepresentable.swift */,
			);
			path = "Live Result WebView";
			sourceTree = "<group>";
		};
		DF1C23D82BF8E8C6004BF66A /* TabBar View */ = {
			isa = PBXGroup;
			children = (
				DF1C23D92BF8E8E2004BF66A /* TabBarView.swift */,
			);
			path = "TabBar View";
			sourceTree = "<group>";
		};
		DF1C23DB2BF8E906004BF66A /* Results View */ = {
			isa = PBXGroup;
			children = (
				DF1C23DC2BF8E91F004BF66A /* ResultsView.swift */,
			);
			path = "Results View";
			sourceTree = "<group>";
		};
		DF3DCF102BF68D7E00A87D4C = {
			isa = PBXGroup;
			children = (
				DF3DCF1B2BF68D7E00A87D4C /* GamblingApp */,
				DF3DCF1A2BF68D7E00A87D4C /* Products */,
			);
			sourceTree = "<group>";
		};
		DF3DCF1A2BF68D7E00A87D4C /* Products */ = {
			isa = PBXGroup;
			children = (
				DF3DCF192BF68D7E00A87D4C /* GamblingApp.app */,
			);
			name = Products;
			sourceTree = "<group>";
		};
		DF3DCF1B2BF68D7E00A87D4C /* GamblingApp */ = {
			isa = PBXGroup;
			children = (
				DFFCEA582BF956BC004B8A4F /* Greek Kino View */,
				DF1C23DB2BF8E906004BF66A /* Results View */,
				DF1C23D82BF8E8C6004BF66A /* TabBar View */,
				DF1C23D32BF8CBD3004BF66A /* Live Result WebView */,
				DF1C23C12BF8A5D0004BF66A /* Model */,
				DF1C23BD2BF8A56B004BF66A /* Business Layer */,
				DF1C23BA2BF8A314004BF66A /* Round List View */,
				DF1C23B12BF7B636004BF66A /* Helpers */,
				DF3DCF1C2BF68D7E00A87D4C /* GamblingAppApp.swift */,
				DF3DCF202BF68D7F00A87D4C /* Assets.xcassets */,
				DF3DCF222BF68D7F00A87D4C /* Preview Content */,
			);
			path = GamblingApp;
			sourceTree = "<group>";
		};
		DF3DCF222BF68D7F00A87D4C /* Preview Content */ = {
			isa = PBXGroup;
			children = (
				DF3DCF232BF68D7F00A87D4C /* Preview Assets.xcassets */,
			);
			path = "Preview Content";
			sourceTree = "<group>";
		};
		DFFCEA582BF956BC004B8A4F /* Greek Kino View */ = {
			isa = PBXGroup;
			children = (
				DF3DCF1E2BF68D7E00A87D4C /* GreekKinoView.swift */,
			);
			path = "Greek Kino View";
			sourceTree = "<group>";
		};
/* End PBXGroup section */

/* Begin PBXNativeTarget section */
		DF3DCF182BF68D7E00A87D4C /* GamblingApp */ = {
			isa = PBXNativeTarget;
			buildConfigurationList = DF3DCF272BF68D7F00A87D4C /* Build configuration list for PBXNativeTarget "GamblingApp" */;
			buildPhases = (
				DF3DCF152BF68D7E00A87D4C /* Sources */,
				DF3DCF162BF68D7E00A87D4C /* Frameworks */,
				DF3DCF172BF68D7E00A87D4C /* Resources */,
			);
			buildRules = (
			);
			dependencies = (
			);
			name = GamblingApp;
			productName = GamblingApp;
			productReference = DF3DCF192BF68D7E00A87D4C /* GamblingApp.app */;
			productType = "com.apple.product-type.application";
		};
/* End PBXNativeTarget section */

/* Begin PBXProject section */
		DF3DCF112BF68D7E00A87D4C /* Project object */ = {
			isa = PBXProject;
			attributes = {
				BuildIndependentTargetsInParallel = 1;
				LastSwiftUpdateCheck = 1520;
				LastUpgradeCheck = 1520;
				TargetAttributes = {
					DF3DCF182BF68D7E00A87D4C = {
						CreatedOnToolsVersion = 15.2;
					};
				};
			};
			buildConfigurationList = DF3DCF142BF68D7E00A87D4C /* Build configuration list for PBXProject "GamblingApp" */;
			compatibilityVersion = "Xcode 14.0";
			developmentRegion = en;
			hasScannedForEncodings = 0;
			knownRegions = (
				en,
				Base,
			);
			mainGroup = DF3DCF102BF68D7E00A87D4C;
			productRefGroup = DF3DCF1A2BF68D7E00A87D4C /* Products */;
			projectDirPath = "";
			projectRoot = "";
			targets = (
				DF3DCF182BF68D7E00A87D4C /* GamblingApp */,
			);
		};
/* End PBXProject section */

/* Begin PBXResourcesBuildPhase section */
		DF3DCF172BF68D7E00A87D4C /* Resources */ = {
			isa = PBXResourcesBuildPhase;
			buildActionMask = 2147483647;
			files = (
				DF3DCF242BF68D7F00A87D4C /* Preview Assets.xcassets in Resources */,
				DF3DCF212BF68D7F00A87D4C /* Assets.xcassets in Resources */,
			);
			runOnlyForDeploymentPostprocessing = 0;
		};
/* End PBXResourcesBuildPhase section */

/* Begin PBXSourcesBuildPhase section */
		DF3DCF152BF68D7E00A87D4C /* Sources */ = {
			isa = PBXSourcesBuildPhase;
			buildActionMask = 2147483647;
			files = (
				DF1C23D52BF8CC16004BF66A /* LiveResultsWebView.swift in Sources */,
				DF1C23F82BF9292C004BF66A /* GreeceKinoContent.swift in Sources */,
				DF1C23E22BF9230A004BF66A /* GreeceKinoDTO.swift in Sources */,
				DF1C23E02BF92210004BF66A /* Color+Extension.swift in Sources */,
				DF1C23D22BF8C89D004BF66A /* Double+Extension.swift in Sources */,
				DFFCEA572BF93916004B8A4F /* UpcomingGameDTO.swift in Sources */,
				DF1C23BC2BF8A325004BF66A /* RoundListView.swift in Sources */,
				DF1C23C02BF8A5A5004BF66A /* NetworkingClient.swift in Sources */,
				DF3DCF1F2BF68D7E00A87D4C /* GreekKinoView.swift in Sources */,
				DF1C23DD2BF8E91F004BF66A /* ResultsView.swift in Sources */,
				DF1C23D02BF8BC6B004BF66A /* KinoOdds.swift in Sources */,
				DFFCEA552BF938F9004B8A4F /* WinningNumbers.swift in Sources */,
				DF1C23D72BF8CC40004BF66A /* WebViewRepresentable.swift in Sources */,
				DF3DCF1D2BF68D7E00A87D4C /* GamblingAppApp.swift in Sources */,
				DF1C23DA2BF8E8E2004BF66A /* TabBarView.swift in Sources */,
				DF1C23B32BF7B64A004BF66A /* Date+Extension.swift in Sources */,
			);
			runOnlyForDeploymentPostprocessing = 0;
		};
/* End PBXSourcesBuildPhase section */

/* Begin XCBuildConfiguration section */
		DF3DCF252BF68D7F00A87D4C /* Debug */ = {
			isa = XCBuildConfiguration;
			buildSettings = {
				ALWAYS_SEARCH_USER_PATHS = NO;
				ASSETCATALOG_COMPILER_GENERATE_SWIFT_ASSET_SYMBOL_EXTENSIONS = YES;
				CLANG_ANALYZER_NONNULL = YES;
				CLANG_ANALYZER_NUMBER_OBJECT_CONVERSION = YES_AGGRESSIVE;
				CLANG_CXX_LANGUAGE_STANDARD = "gnu++20";
				CLANG_ENABLE_MODULES = YES;
				CLANG_ENABLE_OBJC_ARC = YES;
				CLANG_ENABLE_OBJC_WEAK = YES;
				CLANG_WARN_BLOCK_CAPTURE_AUTORELEASING = YES;
				CLANG_WARN_BOOL_CONVERSION = YES;
				CLANG_WARN_COMMA = YES;
				CLANG_WARN_CONSTANT_CONVERSION = YES;
				CLANG_WARN_DEPRECATED_OBJC_IMPLEMENTATIONS = YES;
				CLANG_WARN_DIRECT_OBJC_ISA_USAGE = YES_ERROR;
				CLANG_WARN_DOCUMENTATION_COMMENTS = YES;
				CLANG_WARN_EMPTY_BODY = YES;
				CLANG_WARN_ENUM_CONVERSION = YES;
				CLANG_WARN_INFINITE_RECURSION = YES;
				CLANG_WARN_INT_CONVERSION = YES;
				CLANG_WARN_NON_LITERAL_NULL_CONVERSION = YES;
				CLANG_WARN_OBJC_IMPLICIT_RETAIN_SELF = YES;
				CLANG_WARN_OBJC_LITERAL_CONVERSION = YES;
				CLANG_WARN_OBJC_ROOT_CLASS = YES_ERROR;
				CLANG_WARN_QUOTED_INCLUDE_IN_FRAMEWORK_HEADER = YES;
				CLANG_WARN_RANGE_LOOP_ANALYSIS = YES;
				CLANG_WARN_STRICT_PROTOTYPES = YES;
				CLANG_WARN_SUSPICIOUS_MOVE = YES;
				CLANG_WARN_UNGUARDED_AVAILABILITY = YES_AGGRESSIVE;
				CLANG_WARN_UNREACHABLE_CODE = YES;
				CLANG_WARN__DUPLICATE_METHOD_MATCH = YES;
				COPY_PHASE_STRIP = NO;
				DEBUG_INFORMATION_FORMAT = dwarf;
				ENABLE_STRICT_OBJC_MSGSEND = YES;
				ENABLE_TESTABILITY = YES;
				ENABLE_USER_SCRIPT_SANDBOXING = YES;
				GCC_C_LANGUAGE_STANDARD = gnu17;
				GCC_DYNAMIC_NO_PIC = NO;
				GCC_NO_COMMON_BLOCKS = YES;
				GCC_OPTIMIZATION_LEVEL = 0;
				GCC_PREPROCESSOR_DEFINITIONS = (
					"DEBUG=1",
					"$(inherited)",
				);
				GCC_WARN_64_TO_32_BIT_CONVERSION = YES;
				GCC_WARN_ABOUT_RETURN_TYPE = YES_ERROR;
				GCC_WARN_UNDECLARED_SELECTOR = YES;
				GCC_WARN_UNINITIALIZED_AUTOS = YES_AGGRESSIVE;
				GCC_WARN_UNUSED_FUNCTION = YES;
				GCC_WARN_UNUSED_VARIABLE = YES;
				IPHONEOS_DEPLOYMENT_TARGET = 17.2;
				LOCALIZATION_PREFERS_STRING_CATALOGS = YES;
				MTL_ENABLE_DEBUG_INFO = INCLUDE_SOURCE;
				MTL_FAST_MATH = YES;
				ONLY_ACTIVE_ARCH = YES;
				SDKROOT = iphoneos;
				SWIFT_ACTIVE_COMPILATION_CONDITIONS = "DEBUG $(inherited)";
				SWIFT_OPTIMIZATION_LEVEL = "-Onone";
			};
			name = Debug;
		};
		DF3DCF262BF68D7F00A87D4C /* Release */ = {
			isa = XCBuildConfiguration;
			buildSettings = {
				ALWAYS_SEARCH_USER_PATHS = NO;
				ASSETCATALOG_COMPILER_GENERATE_SWIFT_ASSET_SYMBOL_EXTENSIONS = YES;
				CLANG_ANALYZER_NONNULL = YES;
				CLANG_ANALYZER_NUMBER_OBJECT_CONVERSION = YES_AGGRESSIVE;
				CLANG_CXX_LANGUAGE_STANDARD = "gnu++20";
				CLANG_ENABLE_MODULES = YES;
				CLANG_ENABLE_OBJC_ARC = YES;
				CLANG_ENABLE_OBJC_WEAK = YES;
				CLANG_WARN_BLOCK_CAPTURE_AUTORELEASING = YES;
				CLANG_WARN_BOOL_CONVERSION = YES;
				CLANG_WARN_COMMA = YES;
				CLANG_WARN_CONSTANT_CONVERSION = YES;
				CLANG_WARN_DEPRECATED_OBJC_IMPLEMENTATIONS = YES;
				CLANG_WARN_DIRECT_OBJC_ISA_USAGE = YES_ERROR;
				CLANG_WARN_DOCUMENTATION_COMMENTS = YES;
				CLANG_WARN_EMPTY_BODY = YES;
				CLANG_WARN_ENUM_CONVERSION = YES;
				CLANG_WARN_INFINITE_RECURSION = YES;
				CLANG_WARN_INT_CONVERSION = YES;
				CLANG_WARN_NON_LITERAL_NULL_CONVERSION = YES;
				CLANG_WARN_OBJC_IMPLICIT_RETAIN_SELF = YES;
				CLANG_WARN_OBJC_LITERAL_CONVERSION = YES;
				CLANG_WARN_OBJC_ROOT_CLASS = YES_ERROR;
				CLANG_WARN_QUOTED_INCLUDE_IN_FRAMEWORK_HEADER = YES;
				CLANG_WARN_RANGE_LOOP_ANALYSIS = YES;
				CLANG_WARN_STRICT_PROTOTYPES = YES;
				CLANG_WARN_SUSPICIOUS_MOVE = YES;
				CLANG_WARN_UNGUARDED_AVAILABILITY = YES_AGGRESSIVE;
				CLANG_WARN_UNREACHABLE_CODE = YES;
				CLANG_WARN__DUPLICATE_METHOD_MATCH = YES;
				COPY_PHASE_STRIP = NO;
				DEBUG_INFORMATION_FORMAT = "dwarf-with-dsym";
				ENABLE_NS_ASSERTIONS = NO;
				ENABLE_STRICT_OBJC_MSGSEND = YES;
				ENABLE_USER_SCRIPT_SANDBOXING = YES;
				GCC_C_LANGUAGE_STANDARD = gnu17;
				GCC_NO_COMMON_BLOCKS = YES;
				GCC_WARN_64_TO_32_BIT_CONVERSION = YES;
				GCC_WARN_ABOUT_RETURN_TYPE = YES_ERROR;
				GCC_WARN_UNDECLARED_SELECTOR = YES;
				GCC_WARN_UNINITIALIZED_AUTOS = YES_AGGRESSIVE;
				GCC_WARN_UNUSED_FUNCTION = YES;
				GCC_WARN_UNUSED_VARIABLE = YES;
				IPHONEOS_DEPLOYMENT_TARGET = 17.2;
				LOCALIZATION_PREFERS_STRING_CATALOGS = YES;
				MTL_ENABLE_DEBUG_INFO = NO;
				MTL_FAST_MATH = YES;
				SDKROOT = iphoneos;
				SWIFT_COMPILATION_MODE = wholemodule;
				VALIDATE_PRODUCT = YES;
			};
			name = Release;
		};
		DF3DCF282BF68D7F00A87D4C /* Debug */ = {
			isa = XCBuildConfiguration;
			buildSettings = {
				ASSETCATALOG_COMPILER_APPICON_NAME = AppIcon;
				ASSETCATALOG_COMPILER_GLOBAL_ACCENT_COLOR_NAME = AccentColor;
				CODE_SIGN_STYLE = Automatic;
				CURRENT_PROJECT_VERSION = 1;
				DEVELOPMENT_ASSET_PATHS = "\"GamblingApp/Preview Content\"";
				ENABLE_PREVIEWS = YES;
				GENERATE_INFOPLIST_FILE = YES;
				INFOPLIST_KEY_UIApplicationSceneManifest_Generation = YES;
				INFOPLIST_KEY_UIApplicationSupportsIndirectInputEvents = YES;
				INFOPLIST_KEY_UILaunchScreen_Generation = YES;
				INFOPLIST_KEY_UISupportedInterfaceOrientations_iPad = "UIInterfaceOrientationPortrait UIInterfaceOrientationPortraitUpsideDown UIInterfaceOrientationLandscapeLeft UIInterfaceOrientationLandscapeRight";
				INFOPLIST_KEY_UISupportedInterfaceOrientations_iPhone = "UIInterfaceOrientationPortrait UIInterfaceOrientationLandscapeLeft UIInterfaceOrientationLandscapeRight";
				IPHONEOS_DEPLOYMENT_TARGET = 17.0;
				LD_RUNPATH_SEARCH_PATHS = (
					"$(inherited)",
					"@executable_path/Frameworks",
				);
				MARKETING_VERSION = 1.0;
				PRODUCT_BUNDLE_IDENTIFIER = com.vladimirdjurdjevic.GamblingApp;
				PRODUCT_NAME = "$(TARGET_NAME)";
				SWIFT_EMIT_LOC_STRINGS = YES;
				SWIFT_VERSION = 5.0;
				TARGETED_DEVICE_FAMILY = "1,2";
			};
			name = Debug;
		};
		DF3DCF292BF68D7F00A87D4C /* Release */ = {
			isa = XCBuildConfiguration;
			buildSettings = {
				ASSETCATALOG_COMPILER_APPICON_NAME = AppIcon;
				ASSETCATALOG_COMPILER_GLOBAL_ACCENT_COLOR_NAME = AccentColor;
				CODE_SIGN_STYLE = Automatic;
				CURRENT_PROJECT_VERSION = 1;
				DEVELOPMENT_ASSET_PATHS = "\"GamblingApp/Preview Content\"";
				ENABLE_PREVIEWS = YES;
				GENERATE_INFOPLIST_FILE = YES;
				INFOPLIST_KEY_UIApplicationSceneManifest_Generation = YES;
				INFOPLIST_KEY_UIApplicationSupportsIndirectInputEvents = YES;
				INFOPLIST_KEY_UILaunchScreen_Generation = YES;
				INFOPLIST_KEY_UISupportedInterfaceOrientations_iPad = "UIInterfaceOrientationPortrait UIInterfaceOrientationPortraitUpsideDown UIInterfaceOrientationLandscapeLeft UIInterfaceOrientationLandscapeRight";
				INFOPLIST_KEY_UISupportedInterfaceOrientations_iPhone = "UIInterfaceOrientationPortrait UIInterfaceOrientationLandscapeLeft UIInterfaceOrientationLandscapeRight";
				IPHONEOS_DEPLOYMENT_TARGET = 17.0;
				LD_RUNPATH_SEARCH_PATHS = (
					"$(inherited)",
					"@executable_path/Frameworks",
				);
				MARKETING_VERSION = 1.0;
				PRODUCT_BUNDLE_IDENTIFIER = com.vladimirdjurdjevic.GamblingApp;
				PRODUCT_NAME = "$(TARGET_NAME)";
				SWIFT_EMIT_LOC_STRINGS = YES;
				SWIFT_VERSION = 5.0;
				TARGETED_DEVICE_FAMILY = "1,2";
			};
			name = Release;
		};
/* End XCBuildConfiguration section */

/* Begin XCConfigurationList section */
		DF3DCF142BF68D7E00A87D4C /* Build configuration list for PBXProject "GamblingApp" */ = {
			isa = XCConfigurationList;
			buildConfigurations = (
				DF3DCF252BF68D7F00A87D4C /* Debug */,
				DF3DCF262BF68D7F00A87D4C /* Release */,
			);
			defaultConfigurationIsVisible = 0;
			defaultConfigurationName = Release;
		};
		DF3DCF272BF68D7F00A87D4C /* Build configuration list for PBXNativeTarget "GamblingApp" */ = {
			isa = XCConfigurationList;
			buildConfigurations = (
				DF3DCF282BF68D7F00A87D4C /* Debug */,
				DF3DCF292BF68D7F00A87D4C /* Release */,
			);
			defaultConfigurationIsVisible = 0;
			defaultConfigurationName = Release;
		};
/* End XCConfigurationList section */
	};
	rootObject = DF3DCF112BF68D7E00A87D4C /* Project object */;
}
